{
  "name": "musings",
  "version": "1.0.0",
  "lockfileVersion": 1,
  "requires": true,
  "dependencies": {
    "dialog-polyfill": {
      "version": "0.4.10",
      "resolved": "https://registry.npmjs.org/dialog-polyfill/-/dialog-polyfill-0.4.10.tgz",
      "integrity": "sha512-j5yGMkP8T00UFgyO+78OxiN5vC5dzRQF3BEio+LhNvDbyfxWBsi3sfPArDm54VloaJwy2hm3erEiDWqHRC8rzw==",
      "dev": true
    },
    "fs-extra": {
      "version": "7.0.0",
      "resolved": "https://registry.npmjs.org/fs-extra/-/fs-extra-7.0.0.tgz",
      "integrity": "sha512-EglNDLRpmaTWiD/qraZn6HREAEAHJcJOmxNEYwq6xeMKnVMAy3GUcFB+wXt2C6k4CNvB/mP1y/U3dzvKKj5OtQ==",
      "requires": {
        "graceful-fs": "^4.1.2",
        "jsonfile": "^4.0.0",
        "universalify": "^0.1.0"
      }
    },
    "full-icu": {
      "version": "1.2.1",
      "resolved": "https://registry.npmjs.org/full-icu/-/full-icu-1.2.1.tgz",
      "integrity": "sha512-E2s1b4GVbt8PyG+iaRN6ks8N0Oy2LOJz7SIMUwWWWx7Mr5Z08hKkfpkKQbOtOGqzkFpckDJHjjZ8qfigN2W86A==",
      "requires": {
        "icu4c-data": "^0.63.2"
      },
      "dependencies": {
        "icu4c-data": {
          "version": "0.63.2",
          "resolved": "https://registry.npmjs.org/icu4c-data/-/icu4c-data-0.63.2.tgz",
          "integrity": "sha512-vT6/47CcBzDemlhRzkL7dZLoNvuUWjjiuKZHMt5T4dbkKAqLBh7ZQ33GU13ecC/aIcMlIdBOqtF4uIYTgWML4Q=="
        }
      }
    },
    "graceful-fs": {
      "version": "4.1.11",
      "resolved": "https://registry.npmjs.org/graceful-fs/-/graceful-fs-4.1.11.tgz",
      "integrity": "sha1-Dovf5NHduIVNZOBOp8AOKgJuVlg="
    },
    "html-entities": {
      "version": "2.3.2",
      "resolved": "https://registry.npmjs.org/html-entities/-/html-entities-2.3.2.tgz",
      "integrity": "sha512-c3Ab/url5ksaT0WyleslpBEthOzWhrjQbg75y7XUsfSzi3Dgzt0l8w5e7DylRn15MTlMMD58dTfzddNS2kcAjQ=="
    },
    "jsonfile": {
      "version": "4.0.0",
      "resolved": "https://registry.npmjs.org/jsonfile/-/jsonfile-4.0.0.tgz",
      "integrity": "sha1-h3Gq4HmbZAdrdmQPygWPnBDjPss=",
      "requires": {
        "graceful-fs": "^4.1.6"
      }
    },
    "klaw-sync": {
      "version": "6.0.0",
      "resolved": "https://registry.npmjs.org/klaw-sync/-/klaw-sync-6.0.0.tgz",
      "integrity": "sha512-nIeuVSzdCCs6TDPTqI8w1Yre34sSq7AkZ4B3sfOBbI2CgVSB4Du4aLQijFU2+lhAFCwt9+42Hel6lQNIv6AntQ==",
      "requires": {
        "graceful-fs": "^4.1.11"
      }
    },
    "marked": {
      "version": "0.7.0",
      "resolved": "https://registry.npmjs.org/marked/-/marked-0.7.0.tgz",
      "integrity": "sha512-c+yYdCZJQrsRjTPhUx7VKkApw9bwDkNbHUKo1ovgcfDjb2kc8rLuRbIFyXL5WOEUwzSSKo3IXpph2K6DqB/KZg=="
    },
    "servor": {
      "version": "4.0.2",
      "resolved": "https://registry.npmjs.org/servor/-/servor-4.0.2.tgz",
      "integrity": "sha512-MlmQ5Ntv4jDYUN060x/KEmN7emvIqKMZ9OkM+nY8Bf2+KkyLmGsTqWLyAN2cZr5oESAcH00UanUyyrlS1LRjFw==",
      "dev": true
    },
    "universalify": {
      "version": "0.1.2",
      "resolved": "https://registry.npmjs.org/universalify/-/universalify-0.1.2.tgz",
      "integrity": "sha512-rBJeI5CXAlmy1pV+617WB9J63U6XcazHHF2f2dbJix4XzpUF0RS3Zbj0FGIOCAva5P/d/GBOYaACQ1w+0azUkg=="
    }
  }
}
